// !$*UTF8*$!
{
	archiveVersion = 1;
	classes = {
	};
	objectVersion = 46;
	objects = {

/* Begin PBXBuildFile section */
		438100CA1F4D760700ABC6BA /* AppDelegate.swift in Sources */ = {isa = PBXBuildFile; fileRef = 438100C91F4D760700ABC6BA /* AppDelegate.swift */; };
		438100CF1F4D760700ABC6BA /* Main.storyboard in Resources */ = {isa = PBXBuildFile; fileRef = 438100CD1F4D760700ABC6BA /* Main.storyboard */; };
		438100D11F4D760700ABC6BA /* Assets.xcassets in Resources */ = {isa = PBXBuildFile; fileRef = 438100D01F4D760700ABC6BA /* Assets.xcassets */; };
		438100D41F4D760700ABC6BA /* LaunchScreen.storyboard in Resources */ = {isa = PBXBuildFile; fileRef = 438100D21F4D760700ABC6BA /* LaunchScreen.storyboard */; };
		439423621F514EC900E0A098 /* DemoListViewController.swift in Sources */ = {isa = PBXBuildFile; fileRef = 439423611F514EC900E0A098 /* DemoListViewController.swift */; };
		4394236B1F51542400E0A098 /* TestCollectionViewCell.swift in Sources */ = {isa = PBXBuildFile; fileRef = 439423641F51542400E0A098 /* TestCollectionViewCell.swift */; };
		4394236C1F51542400E0A098 /* TestCollectionViewCell.xib in Resources */ = {isa = PBXBuildFile; fileRef = 439423651F51542400E0A098 /* TestCollectionViewCell.xib */; };
		4394236D1F51542400E0A098 /* TestSectionView.swift in Sources */ = {isa = PBXBuildFile; fileRef = 439423661F51542400E0A098 /* TestSectionView.swift */; };
		4394236E1F51542400E0A098 /* TestSectionView.xib in Resources */ = {isa = PBXBuildFile; fileRef = 439423671F51542400E0A098 /* TestSectionView.xib */; };
		439423721F51547C00E0A098 /* DemoBaseViewController.swift in Sources */ = {isa = PBXBuildFile; fileRef = 439423711F51547C00E0A098 /* DemoBaseViewController.swift */; };
		439423741F51550F00E0A098 /* WaterfallViewController.swift in Sources */ = {isa = PBXBuildFile; fileRef = 439423731F51550F00E0A098 /* WaterfallViewController.swift */; };
		439423761F51573500E0A098 /* FlowViewController.swift in Sources */ = {isa = PBXBuildFile; fileRef = 439423751F51573500E0A098 /* FlowViewController.swift */; };
		439423781F51591C00E0A098 /* HeaderFooterViewController.swift in Sources */ = {isa = PBXBuildFile; fileRef = 439423771F51591C00E0A098 /* HeaderFooterViewController.swift */; };
		4394237C1F516BAB00E0A098 /* LXMLayoutHeaderFooterProtocol.swift in Sources */ = {isa = PBXBuildFile; fileRef = 4394237B1F516BAB00E0A098 /* LXMLayoutHeaderFooterProtocol.swift */; };
		4394237E1F5183B100E0A098 /* TestViewController.swift in Sources */ = {isa = PBXBuildFile; fileRef = 4394237D1F5183B100E0A098 /* TestViewController.swift */; };
		43D57B051F5FCEC500541E5C /* MyTestLayout.swift in Sources */ = {isa = PBXBuildFile; fileRef = 43D57B041F5FCEC500541E5C /* MyTestLayout.swift */; };
		43D57B071F5FD7B000541E5C /* MyTestViewController.swift in Sources */ = {isa = PBXBuildFile; fileRef = 43D57B061F5FD7B000541E5C /* MyTestViewController.swift */; };
		43D591FB1F53B7E700592CF9 /* TestObject.m in Sources */ = {isa = PBXBuildFile; fileRef = 43D591FA1F53B7E700592CF9 /* TestObject.m */; };
		43E64B681F5010E500C6391C /* LXMWaterfallLayout.swift in Sources */ = {isa = PBXBuildFile; fileRef = 43E64B671F5010E500C6391C /* LXMWaterfallLayout.swift */; };
		43E842A71F5699C5007AD5DB /* LXMHeaderFooterFlowLayout.swift in Sources */ = {isa = PBXBuildFile; fileRef = 43E842A61F5699C5007AD5DB /* LXMHeaderFooterFlowLayout.swift */; };
/* End PBXBuildFile section */

/* Begin PBXFileReference section */
		438100C61F4D760700ABC6BA /* LXMWaterfallLayout.app */ = {isa = PBXFileReference; explicitFileType = wrapper.application; includeInIndex = 0; path = LXMWaterfallLayout.app; sourceTree = BUILT_PRODUCTS_DIR; };
		438100C91F4D760700ABC6BA /* AppDelegate.swift */ = {isa = PBXFileReference; lastKnownFileType = sourcecode.swift; path = AppDelegate.swift; sourceTree = "<group>"; };
		438100CE1F4D760700ABC6BA /* Base */ = {isa = PBXFileReference; lastKnownFileType = file.storyboard; name = Base; path = Base.lproj/Main.storyboard; sourceTree = "<group>"; };
		438100D01F4D760700ABC6BA /* Assets.xcassets */ = {isa = PBXFileReference; lastKnownFileType = folder.assetcatalog; path = Assets.xcassets; sourceTree = "<group>"; };
		438100D31F4D760700ABC6BA /* Base */ = {isa = PBXFileReference; lastKnownFileType = file.storyboard; name = Base; path = Base.lproj/LaunchScreen.storyboard; sourceTree = "<group>"; };
		438100D51F4D760700ABC6BA /* Info.plist */ = {isa = PBXFileReference; lastKnownFileType = text.plist.xml; path = Info.plist; sourceTree = "<group>"; };
		439423611F514EC900E0A098 /* DemoListViewController.swift */ = {isa = PBXFileReference; fileEncoding = 4; lastKnownFileType = sourcecode.swift; path = DemoListViewController.swift; sourceTree = "<group>"; };
		439423641F51542400E0A098 /* TestCollectionViewCell.swift */ = {isa = PBXFileReference; fileEncoding = 4; lastKnownFileType = sourcecode.swift; path = TestCollectionViewCell.swift; sourceTree = "<group>"; };
		439423651F51542400E0A098 /* TestCollectionViewCell.xib */ = {isa = PBXFileReference; fileEncoding = 4; lastKnownFileType = file.xib; path = TestCollectionViewCell.xib; sourceTree = "<group>"; };
		439423661F51542400E0A098 /* TestSectionView.swift */ = {isa = PBXFileReference; fileEncoding = 4; lastKnownFileType = sourcecode.swift; path = TestSectionView.swift; sourceTree = "<group>"; };
		439423671F51542400E0A098 /* TestSectionView.xib */ = {isa = PBXFileReference; fileEncoding = 4; lastKnownFileType = file.xib; path = TestSectionView.xib; sourceTree = "<group>"; };
		439423711F51547C00E0A098 /* DemoBaseViewController.swift */ = {isa = PBXFileReference; fileEncoding = 4; lastKnownFileType = sourcecode.swift; path = DemoBaseViewController.swift; sourceTree = "<group>"; };
		439423731F51550F00E0A098 /* WaterfallViewController.swift */ = {isa = PBXFileReference; fileEncoding = 4; lastKnownFileType = sourcecode.swift; path = WaterfallViewController.swift; sourceTree = "<group>"; };
		439423751F51573500E0A098 /* FlowViewController.swift */ = {isa = PBXFileReference; fileEncoding = 4; lastKnownFileType = sourcecode.swift; path = FlowViewController.swift; sourceTree = "<group>"; };
		439423771F51591C00E0A098 /* HeaderFooterViewController.swift */ = {isa = PBXFileReference; fileEncoding = 4; lastKnownFileType = sourcecode.swift; path = HeaderFooterViewController.swift; sourceTree = "<group>"; };
		4394237B1F516BAB00E0A098 /* LXMLayoutHeaderFooterProtocol.swift */ = {isa = PBXFileReference; fileEncoding = 4; lastKnownFileType = sourcecode.swift; path = LXMLayoutHeaderFooterProtocol.swift; sourceTree = "<group>"; };
		4394237D1F5183B100E0A098 /* TestViewController.swift */ = {isa = PBXFileReference; fileEncoding = 4; lastKnownFileType = sourcecode.swift; path = TestViewController.swift; sourceTree = "<group>"; };
		43D57B041F5FCEC500541E5C /* MyTestLayout.swift */ = {isa = PBXFileReference; fileEncoding = 4; lastKnownFileType = sourcecode.swift; path = MyTestLayout.swift; sourceTree = "<group>"; };
		43D57B061F5FD7B000541E5C /* MyTestViewController.swift */ = {isa = PBXFileReference; fileEncoding = 4; lastKnownFileType = sourcecode.swift; path = MyTestViewController.swift; sourceTree = "<group>"; };
		43D591F81F53B7E700592CF9 /* LXMWaterfallLayout-Bridging-Header.h */ = {isa = PBXFileReference; lastKnownFileType = sourcecode.c.h; path = "LXMWaterfallLayout-Bridging-Header.h"; sourceTree = "<group>"; };
		43D591F91F53B7E700592CF9 /* TestObject.h */ = {isa = PBXFileReference; fileEncoding = 4; lastKnownFileType = sourcecode.c.h; path = TestObject.h; sourceTree = "<group>"; };
		43D591FA1F53B7E700592CF9 /* TestObject.m */ = {isa = PBXFileReference; fileEncoding = 4; lastKnownFileType = sourcecode.c.objc; path = TestObject.m; sourceTree = "<group>"; };
		43E64B671F5010E500C6391C /* LXMWaterfallLayout.swift */ = {isa = PBXFileReference; fileEncoding = 4; lastKnownFileType = sourcecode.swift; path = LXMWaterfallLayout.swift; sourceTree = "<group>"; };
		43E842A61F5699C5007AD5DB /* LXMHeaderFooterFlowLayout.swift */ = {isa = PBXFileReference; fileEncoding = 4; lastKnownFileType = sourcecode.swift; path = LXMHeaderFooterFlowLayout.swift; sourceTree = "<group>"; };
/* End PBXFileReference section */

/* Begin PBXFrameworksBuildPhase section */
		438100C31F4D760700ABC6BA /* Frameworks */ = {
			isa = PBXFrameworksBuildPhase;
			buildActionMask = 2147483647;
			files = (
			);
			runOnlyForDeploymentPostprocessing = 0;
		};
/* End PBXFrameworksBuildPhase section */

/* Begin PBXGroup section */
		438100BD1F4D760700ABC6BA = {
			isa = PBXGroup;
			children = (
				438100C81F4D760700ABC6BA /* LXMWaterfallLayout */,
				438100C71F4D760700ABC6BA /* Products */,
			);
			sourceTree = "<group>";
		};
		438100C71F4D760700ABC6BA /* Products */ = {
			isa = PBXGroup;
			children = (
				438100C61F4D760700ABC6BA /* LXMWaterfallLayout.app */,
			);
			name = Products;
			sourceTree = "<group>";
		};
		438100C81F4D760700ABC6BA /* LXMWaterfallLayout */ = {
			isa = PBXGroup;
			children = (
				438100C91F4D760700ABC6BA /* AppDelegate.swift */,
				439423611F514EC900E0A098 /* DemoListViewController.swift */,
				4394237D1F5183B100E0A098 /* TestViewController.swift */,
				43D57B041F5FCEC500541E5C /* MyTestLayout.swift */,
				43D591F91F53B7E700592CF9 /* TestObject.h */,
				43D591FA1F53B7E700592CF9 /* TestObject.m */,
				439423631F51542400E0A098 /* CommonView */,
				439423681F51542400E0A098 /* DemoViewControllers */,
				43E64B661F5010E500C6391C /* LXMWaterfallLayout */,
				438100CD1F4D760700ABC6BA /* Main.storyboard */,
				438100D01F4D760700ABC6BA /* Assets.xcassets */,
				438100D21F4D760700ABC6BA /* LaunchScreen.storyboard */,
				438100D51F4D760700ABC6BA /* Info.plist */,
				43D591F81F53B7E700592CF9 /* LXMWaterfallLayout-Bridging-Header.h */,
			);
			path = LXMWaterfallLayout;
			sourceTree = "<group>";
		};
		439423631F51542400E0A098 /* CommonView */ = {
			isa = PBXGroup;
			children = (
				439423641F51542400E0A098 /* TestCollectionViewCell.swift */,
				439423651F51542400E0A098 /* TestCollectionViewCell.xib */,
				439423661F51542400E0A098 /* TestSectionView.swift */,
				439423671F51542400E0A098 /* TestSectionView.xib */,
			);
			path = CommonView;
			sourceTree = "<group>";
		};
		439423681F51542400E0A098 /* DemoViewControllers */ = {
			isa = PBXGroup;
			children = (
				439423711F51547C00E0A098 /* DemoBaseViewController.swift */,
				439423731F51550F00E0A098 /* WaterfallViewController.swift */,
				439423771F51591C00E0A098 /* HeaderFooterViewController.swift */,
				439423751F51573500E0A098 /* FlowViewController.swift */,
				43D57B061F5FD7B000541E5C /* MyTestViewController.swift */,
			);
			path = DemoViewControllers;
			sourceTree = "<group>";
		};
		43E64B661F5010E500C6391C /* LXMWaterfallLayout */ = {
			isa = PBXGroup;
			children = (
				4394237B1F516BAB00E0A098 /* LXMLayoutHeaderFooterProtocol.swift */,
				43E842A61F5699C5007AD5DB /* LXMHeaderFooterFlowLayout.swift */,
				43E64B671F5010E500C6391C /* LXMWaterfallLayout.swift */,
			);
			path = LXMWaterfallLayout;
			sourceTree = "<group>";
		};
/* End PBXGroup section */

/* Begin PBXNativeTarget section */
		438100C51F4D760700ABC6BA /* LXMWaterfallLayout */ = {
			isa = PBXNativeTarget;
			buildConfigurationList = 438100D81F4D760700ABC6BA /* Build configuration list for PBXNativeTarget "LXMWaterfallLayout" */;
			buildPhases = (
				438100C21F4D760700ABC6BA /* Sources */,
				438100C31F4D760700ABC6BA /* Frameworks */,
				438100C41F4D760700ABC6BA /* Resources */,
			);
			buildRules = (
			);
			dependencies = (
			);
			name = LXMWaterfallLayout;
			productName = LXMWaterfallLayout;
			productReference = 438100C61F4D760700ABC6BA /* LXMWaterfallLayout.app */;
			productType = "com.apple.product-type.application";
		};
/* End PBXNativeTarget section */

/* Begin PBXProject section */
		438100BE1F4D760700ABC6BA /* Project object */ = {
			isa = PBXProject;
			attributes = {
				LastSwiftUpdateCheck = 0830;
				LastUpgradeCheck = 0900;
				ORGANIZATIONNAME = duowan;
				TargetAttributes = {
					438100C51F4D760700ABC6BA = {
						CreatedOnToolsVersion = 8.3.3;
						DevelopmentTeam = 993SNGFP2R;
						LastSwiftMigration = 0900;
						ProvisioningStyle = Automatic;
					};
				};
			};
			buildConfigurationList = 438100C11F4D760700ABC6BA /* Build configuration list for PBXProject "LXMWaterfallLayout" */;
			compatibilityVersion = "Xcode 3.2";
			developmentRegion = English;
			hasScannedForEncodings = 0;
			knownRegions = (
				en,
				Base,
			);
			mainGroup = 438100BD1F4D760700ABC6BA;
			productRefGroup = 438100C71F4D760700ABC6BA /* Products */;
			projectDirPath = "";
			projectRoot = "";
			targets = (
				438100C51F4D760700ABC6BA /* LXMWaterfallLayout */,
			);
		};
/* End PBXProject section */

/* Begin PBXResourcesBuildPhase section */
		438100C41F4D760700ABC6BA /* Resources */ = {
			isa = PBXResourcesBuildPhase;
			buildActionMask = 2147483647;
			files = (
				438100D41F4D760700ABC6BA /* LaunchScreen.storyboard in Resources */,
				4394236E1F51542400E0A098 /* TestSectionView.xib in Resources */,
				4394236C1F51542400E0A098 /* TestCollectionViewCell.xib in Resources */,
				438100D11F4D760700ABC6BA /* Assets.xcassets in Resources */,
				438100CF1F4D760700ABC6BA /* Main.storyboard in Resources */,
			);
			runOnlyForDeploymentPostprocessing = 0;
		};
/* End PBXResourcesBuildPhase section */

/* Begin PBXSourcesBuildPhase section */
		438100C21F4D760700ABC6BA /* Sources */ = {
			isa = PBXSourcesBuildPhase;
			buildActionMask = 2147483647;
			files = (
				43D57B071F5FD7B000541E5C /* MyTestViewController.swift in Sources */,
				438100CA1F4D760700ABC6BA /* AppDelegate.swift in Sources */,
				4394236B1F51542400E0A098 /* TestCollectionViewCell.swift in Sources */,
				43D591FB1F53B7E700592CF9 /* TestObject.m in Sources */,
				439423781F51591C00E0A098 /* HeaderFooterViewController.swift in Sources */,
				4394237C1F516BAB00E0A098 /* LXMLayoutHeaderFooterProtocol.swift in Sources */,
				439423761F51573500E0A098 /* FlowViewController.swift in Sources */,
				4394236D1F51542400E0A098 /* TestSectionView.swift in Sources */,
				439423741F51550F00E0A098 /* WaterfallViewController.swift in Sources */,
				43E64B681F5010E500C6391C /* LXMWaterfallLayout.swift in Sources */,
				439423721F51547C00E0A098 /* DemoBaseViewController.swift in Sources */,
				4394237E1F5183B100E0A098 /* TestViewController.swift in Sources */,
				43E842A71F5699C5007AD5DB /* LXMHeaderFooterFlowLayout.swift in Sources */,
				439423621F514EC900E0A098 /* DemoListViewController.swift in Sources */,
				43D57B051F5FCEC500541E5C /* MyTestLayout.swift in Sources */,
			);
			runOnlyForDeploymentPostprocessing = 0;
		};
/* End PBXSourcesBuildPhase section */

/* Begin PBXVariantGroup section */
		438100CD1F4D760700ABC6BA /* Main.storyboard */ = {
			isa = PBXVariantGroup;
			children = (
				438100CE1F4D760700ABC6BA /* Base */,
			);
			name = Main.storyboard;
			sourceTree = "<group>";
		};
		438100D21F4D760700ABC6BA /* LaunchScreen.storyboard */ = {
			isa = PBXVariantGroup;
			children = (
				438100D31F4D760700ABC6BA /* Base */,
			);
			name = LaunchScreen.storyboard;
			sourceTree = "<group>";
		};
/* End PBXVariantGroup section */

/* Begin XCBuildConfiguration section */
		438100D61F4D760700ABC6BA /* Debug */ = {
			isa = XCBuildConfiguration;
			buildSettings = {
				ALWAYS_SEARCH_USER_PATHS = NO;
				CLANG_ANALYZER_NONNULL = YES;
				CLANG_ANALYZER_NUMBER_OBJECT_CONVERSION = YES_AGGRESSIVE;
				CLANG_CXX_LANGUAGE_STANDARD = "gnu++0x";
				CLANG_CXX_LIBRARY = "libc++";
				CLANG_ENABLE_MODULES = YES;
				CLANG_ENABLE_OBJC_ARC = YES;
				CLANG_WARN_BLOCK_CAPTURE_AUTORELEASING = YES;
				CLANG_WARN_BOOL_CONVERSION = YES;
				CLANG_WARN_COMMA = YES;
				CLANG_WARN_CONSTANT_CONVERSION = YES;
				CLANG_WARN_DIRECT_OBJC_ISA_USAGE = YES_ERROR;
				CLANG_WARN_DOCUMENTATION_COMMENTS = YES;
				CLANG_WARN_EMPTY_BODY = YES;
				CLANG_WARN_ENUM_CONVERSION = YES;
				CLANG_WARN_INFINITE_RECURSION = YES;
				CLANG_WARN_INT_CONVERSION = YES;
				CLANG_WARN_NON_LITERAL_NULL_CONVERSION = YES;
				CLANG_WARN_OBJC_LITERAL_CONVERSION = YES;
				CLANG_WARN_OBJC_ROOT_CLASS = YES_ERROR;
				CLANG_WARN_RANGE_LOOP_ANALYSIS = YES;
				CLANG_WARN_STRICT_PROTOTYPES = YES;
				CLANG_WARN_SUSPICIOUS_MOVE = YES;
				CLANG_WARN_UNREACHABLE_CODE = YES;
				CLANG_WARN__DUPLICATE_METHOD_MATCH = YES;
				"CODE_SIGN_IDENTITY[sdk=iphoneos*]" = "iPhone Developer";
				COPY_PHASE_STRIP = NO;
				DEBUG_INFORMATION_FORMAT = dwarf;
				ENABLE_STRICT_OBJC_MSGSEND = YES;
				ENABLE_TESTABILITY = YES;
				GCC_C_LANGUAGE_STANDARD = gnu99;
				GCC_DYNAMIC_NO_PIC = NO;
				GCC_NO_COMMON_BLOCKS = YES;
				GCC_OPTIMIZATION_LEVEL = 0;
				GCC_PREPROCESSOR_DEFINITIONS = (
					"DEBUG=1",
					"$(inherited)",
				);
				GCC_WARN_64_TO_32_BIT_CONVERSION = YES;
				GCC_WARN_ABOUT_RETURN_TYPE = YES_ERROR;
				GCC_WARN_UNDECLARED_SELECTOR = YES;
				GCC_WARN_UNINITIALIZED_AUTOS = YES_AGGRESSIVE;
				GCC_WARN_UNUSED_FUNCTION = YES;
				GCC_WARN_UNUSED_VARIABLE = YES;
				IPHONEOS_DEPLOYMENT_TARGET = 10.3;
				MTL_ENABLE_DEBUG_INFO = YES;
				ONLY_ACTIVE_ARCH = YES;
				SDKROOT = iphoneos;
				SWIFT_ACTIVE_COMPILATION_CONDITIONS = DEBUG;
				SWIFT_OPTIMIZATION_LEVEL = "-Onone";
			};
			name = Debug;
		};
		438100D71F4D760700ABC6BA /* Release */ = {
			isa = XCBuildConfiguration;
			buildSettings = {
				ALWAYS_SEARCH_USER_PATHS = NO;
				CLANG_ANALYZER_NONNULL = YES;
				CLANG_ANALYZER_NUMBER_OBJECT_CONVERSION = YES_AGGRESSIVE;
				CLANG_CXX_LANGUAGE_STANDARD = "gnu++0x";
				CLANG_CXX_LIBRARY = "libc++";
				CLANG_ENABLE_MODULES = YES;
				CLANG_ENABLE_OBJC_ARC = YES;
				CLANG_WARN_BLOCK_CAPTURE_AUTORELEASING = YES;
				CLANG_WARN_BOOL_CONVERSION = YES;
				CLANG_WARN_COMMA = YES;
				CLANG_WARN_CONSTANT_CONVERSION = YES;
				CLANG_WARN_DIRECT_OBJC_ISA_USAGE = YES_ERROR;
				CLANG_WARN_DOCUMENTATION_COMMENTS = YES;
				CLANG_WARN_EMPTY_BODY = YES;
				CLANG_WARN_ENUM_CONVERSION = YES;
				CLANG_WARN_INFINITE_RECURSION = YES;
				CLANG_WARN_INT_CONVERSION = YES;
				CLANG_WARN_NON_LITERAL_NULL_CONVERSION = YES;
				CLANG_WARN_OBJC_LITERAL_CONVERSION = YES;
				CLANG_WARN_OBJC_ROOT_CLASS = YES_ERROR;
				CLANG_WARN_RANGE_LOOP_ANALYSIS = YES;
				CLANG_WARN_STRICT_PROTOTYPES = YES;
				CLANG_WARN_SUSPICIOUS_MOVE = YES;
				CLANG_WARN_UNREACHABLE_CODE = YES;
				CLANG_WARN__DUPLICATE_METHOD_MATCH = YES;
				"CODE_SIGN_IDENTITY[sdk=iphoneos*]" = "iPhone Developer";
				COPY_PHASE_STRIP = NO;
				DEBUG_INFORMATION_FORMAT = "dwarf-with-dsym";
				ENABLE_NS_ASSERTIONS = NO;
				ENABLE_STRICT_OBJC_MSGSEND = YES;
				GCC_C_LANGUAGE_STANDARD = gnu99;
				GCC_NO_COMMON_BLOCKS = YES;
				GCC_WARN_64_TO_32_BIT_CONVERSION = YES;
				GCC_WARN_ABOUT_RETURN_TYPE = YES_ERROR;
				GCC_WARN_UNDECLARED_SELECTOR = YES;
				GCC_WARN_UNINITIALIZED_AUTOS = YES_AGGRESSIVE;
				GCC_WARN_UNUSED_FUNCTION = YES;
				GCC_WARN_UNUSED_VARIABLE = YES;
				IPHONEOS_DEPLOYMENT_TARGET = 10.3;
				MTL_ENABLE_DEBUG_INFO = NO;
				SDKROOT = iphoneos;
				SWIFT_OPTIMIZATION_LEVEL = "-Owholemodule";
				VALIDATE_PRODUCT = YES;
			};
			name = Release;
		};
		438100D91F4D760700ABC6BA /* Debug */ = {
			isa = XCBuildConfiguration;
			buildSettings = {
				ASSETCATALOG_COMPILER_APPICON_NAME = AppIcon;
				CLANG_ENABLE_MODULES = YES;
				DEVELOPMENT_TEAM = 993SNGFP2R;
				INFOPLIST_FILE = LXMWaterfallLayout/Info.plist;
				LD_RUNPATH_SEARCH_PATHS = "$(inherited) @executable_path/Frameworks";
				PRODUCT_BUNDLE_IDENTIFIER = com.ouj.LXMWaterfallLayout;
				PRODUCT_NAME = "$(TARGET_NAME)";
				SWIFT_OBJC_BRIDGING_HEADER = "LXMWaterfallLayout/LXMWaterfallLayout-Bridging-Header.h";
				SWIFT_OPTIMIZATION_LEVEL = "-Onone";
				SWIFT_SWIFT3_OBJC_INFERENCE = Default;
				SWIFT_VERSION = 4.0;
			};
			name = Debug;
		};
		438100DA1F4D760700ABC6BA /* Release */ = {
			isa = XCBuildConfiguration;
			buildSettings = {
				ASSETCATALOG_COMPILER_APPICON_NAME = AppIcon;
				CLANG_ENABLE_MODULES = YES;
				DEVELOPMENT_TEAM = 993SNGFP2R;
				INFOPLIST_FILE = LXMWaterfallLayout/Info.plist;
				LD_RUNPATH_SEARCH_PATHS = "$(inherited) @executable_path/Frameworks";
				PRODUCT_BUNDLE_IDENTIFIER = com.ouj.LXMWaterfallLayout;
				PRODUCT_NAME = "$(TARGET_NAME)";
				SWIFT_OBJC_BRIDGING_HEADER = "LXMWaterfallLayout/LXMWaterfallLayout-Bridging-Header.h";
				SWIFT_SWIFT3_OBJC_INFERENCE = Default;
				SWIFT_VERSION = 4.0;
			};
			name = Release;
		};
/* End XCBuildConfiguration section */

/* Begin XCConfigurationList section */
		438100C11F4D760700ABC6BA /* Build configuration list for PBXProject "LXMWaterfallLayout" */ = {
			isa = XCConfigurationList;
			buildConfigurations = (
				438100D61F4D760700ABC6BA /* Debug */,
				438100D71F4D760700ABC6BA /* Release */,
			);
			defaultConfigurationIsVisible = 0;
			defaultConfigurationName = Release;
		};
		438100D81F4D760700ABC6BA /* Build configuration list for PBXNativeTarget "LXMWaterfallLayout" */ = {
			isa = XCConfigurationList;
			buildConfigurations = (
				438100D91F4D760700ABC6BA /* Debug */,
				438100DA1F4D760700ABC6BA /* Release */,
			);
			defaultConfigurationIsVisible = 0;
			defaultConfigurationName = Release;
		};
/* End XCConfigurationList section */
	};
	rootObject = 438100BE1F4D760700ABC6BA /* Project object */;
}
